{
  "originHash" : "376e8065f9c43fc0b5d3733988f3f1f3163f53cfe8cf43e609f7817c18ac8619",
  "pins" : [
    {
      "identity" : "gameoflife.swiftpm",
      "kind" : "remoteSourceControl",
      "location" : "https://github.com/kkebo/GameOfLife.swiftpm",
      "state" : {
        "branch" : "embedded",
        "revision" : "9487b5aaff52363c99d53c79d0466d75ae9bfcc7"
      }
    },
    {
      "identity" : "playdatekit",
      "kind" : "remoteSourceControl",
      "location" : "https://github.com/finnvoor/PlaydateKit",
      "state" : {
        "branch" : "main",
        "revision" : "b9a69fbeca09be0da3d63f8d1343aa671556ff58"
      }
    }
  ],
  "version" : 3
}
