{
  "originHash" : "d0691433c8ea9922a3f298a34b7f2e24aefb023a8363254831b5071a303e4236",
  "pins" : [
    {
      "identity" : "gameoflife.swiftpm",
      "kind" : "remoteSourceControl",
      "location" : "https://github.com/kkebo/GameOfLife.swiftpm",
      "state" : {
        "branch" : "main",
        "revision" : "633eb5d5c2cdd6bd7575c07a73c3042bd2a08a6e"
      }
    },
    {
      "identity" : "playdatekit",
      "kind" : "remoteSourceControl",
      "location" : "https://github.com/finnvoor/PlaydateKit",
      "state" : {
        "branch" : "main",
        "revision" : "b9a69fbeca09be0da3d63f8d1343aa671556ff58"
      }
    },
    {
      "identity" : "swift-collections",
      "kind" : "remoteSourceControl",
      "location" : "https://github.com/apple/swift-collections",
      "state" : {
        "branch" : "main",
        "revision" : "7c9df0070615b888fc9c30429ad33b4d69702b45"
      }
    }
  ],
  "version" : 3
}
