{
  "originHash" : "f7273c5203f873d1a32480ac0ebaf61883e680ea525e012c70b8f0b4a803e82b",
  "pins" : [
    {
      "identity" : "gameoflife.swiftpm",
      "kind" : "remoteSourceControl",
      "location" : "https://github.com/kkebo/GameOfLife.swiftpm",
      "state" : {
        "branch" : "embedded",
        "revision" : "87c71c5d6dddd7c551ff29f1e2e3501d93d2560b"
      }
    },
    {
      "identity" : "swift-playdate-examples",
      "kind" : "remoteSourceControl",
      "location" : "https://github.com/apple/swift-playdate-examples",
      "state" : {
        "branch" : "main",
        "revision" : "749dd8f518429168d03e754764afb334a80b527d"
      }
    }
  ],
  "version" : 3
}
